// !$*UTF8*$!
{
	archiveVersion = 1;
	classes = {
	};
	objectVersion = 46;
	objects = {

/* Begin PBXBuildFile section */
		4AFE9B98CF62E61CD31707E9 /* Pods_fullTimeJobsTips.framework in Frameworks */ = {isa = PBXBuildFile; fileRef = 803F916D2C6CC346B3A0845D /* Pods_fullTimeJobsTips.framework */; };
		DC0891701CEB15A0008499B6 /* AppDelegate.swift in Sources */ = {isa = PBXBuildFile; fileRef = DC08916F1CEB15A0008499B6 /* AppDelegate.swift */; };
		DC0891721CEB15A0008499B6 /* ViewController.swift in Sources */ = {isa = PBXBuildFile; fileRef = DC0891711CEB15A0008499B6 /* ViewController.swift */; };
		DC0891771CEB15A0008499B6 /* Assets.xcassets in Resources */ = {isa = PBXBuildFile; fileRef = DC0891761CEB15A0008499B6 /* Assets.xcassets */; };
		DC08917A1CEB15A0008499B6 /* LaunchScreen.storyboard in Resources */ = {isa = PBXBuildFile; fileRef = DC0891781CEB15A0008499B6 /* LaunchScreen.storyboard */; };
		DC3533E91CEBA25600A8C6EB /* Questions.swift in Sources */ = {isa = PBXBuildFile; fileRef = DC3533E81CEBA25600A8C6EB /* Questions.swift */; };
		DC3533EB1CEBBA1C00A8C6EB /* BasicQuestionControllerView.swift in Sources */ = {isa = PBXBuildFile; fileRef = DC3533EA1CEBBA1C00A8C6EB /* BasicQuestionControllerView.swift */; };
		DC3533ED1CEC73E800A8C6EB /* CustomCollectionViewCell.swift in Sources */ = {isa = PBXBuildFile; fileRef = DC3533EC1CEC73E800A8C6EB /* CustomCollectionViewCell.swift */; };
		DC3533EF1CECAE5900A8C6EB /* BasicDetailViewController.swift in Sources */ = {isa = PBXBuildFile; fileRef = DC3533EE1CECAE5900A8C6EB /* BasicDetailViewController.swift */; };
		DCCDBFC91CEDA6C000BFA005 /* Main.storyboard in Resources */ = {isa = PBXBuildFile; fileRef = DCCDBFC81CEDA6C000BFA005 /* Main.storyboard */; };
		DCCDBFCB1CEDB96E00BFA005 /* TransitionViewController.swift in Sources */ = {isa = PBXBuildFile; fileRef = DCCDBFCA1CEDB96E00BFA005 /* TransitionViewController.swift */; };
		DCCDBFD71CEDBE8D00BFA005 /* AAPTransactionDirector.swift in Sources */ = {isa = PBXBuildFile; fileRef = DCCDBFD41CEDBE8D00BFA005 /* AAPTransactionDirector.swift */; };
		DCCDBFD81CEDBE8D00BFA005 /* UINavigationController+RadialTransaction.swift in Sources */ = {isa = PBXBuildFile; fileRef = DCCDBFD51CEDBE8D00BFA005 /* UINavigationController+RadialTransaction.swift */; };
		DCCDBFD91CEDBE8D00BFA005 /* UIView+Radial.swift in Sources */ = {isa = PBXBuildFile; fileRef = DCCDBFD61CEDBE8D00BFA005 /* UIView+Radial.swift */; };
		DCCDBFDB1CEDCEC900BFA005 /* GreenViewController.swift in Sources */ = {isa = PBXBuildFile; fileRef = DCCDBFDA1CEDCEC900BFA005 /* GreenViewController.swift */; };
		DCCDBFDD1CEDCEEC00BFA005 /* GreyViewController.swift in Sources */ = {isa = PBXBuildFile; fileRef = DCCDBFDC1CEDCEEC00BFA005 /* GreyViewController.swift */; };
/* End PBXBuildFile section */

/* Begin PBXFileReference section */
		3740AAC25D7C89A946243454 /* Pods-fullTimeJobsTips.release.xcconfig */ = {isa = PBXFileReference; includeInIndex = 1; lastKnownFileType = text.xcconfig; name = "Pods-fullTimeJobsTips.release.xcconfig"; path = "Pods/Target Support Files/Pods-fullTimeJobsTips/Pods-fullTimeJobsTips.release.xcconfig"; sourceTree = "<group>"; };
		795EB2E6BE7A244723FBCBDE /* Pods-fullTimeJobsTips.debug.xcconfig */ = {isa = PBXFileReference; includeInIndex = 1; lastKnownFileType = text.xcconfig; name = "Pods-fullTimeJobsTips.debug.xcconfig"; path = "Pods/Target Support Files/Pods-fullTimeJobsTips/Pods-fullTimeJobsTips.debug.xcconfig"; sourceTree = "<group>"; };
		803F916D2C6CC346B3A0845D /* Pods_fullTimeJobsTips.framework */ = {isa = PBXFileReference; explicitFileType = wrapper.framework; includeInIndex = 0; path = Pods_fullTimeJobsTips.framework; sourceTree = BUILT_PRODUCTS_DIR; };
		DC08916C1CEB15A0008499B6 /* fullTimeJobsTips.app */ = {isa = PBXFileReference; explicitFileType = wrapper.application; includeInIndex = 0; path = fullTimeJobsTips.app; sourceTree = BUILT_PRODUCTS_DIR; };
		DC08916F1CEB15A0008499B6 /* AppDelegate.swift */ = {isa = PBXFileReference; lastKnownFileType = sourcecode.swift; path = AppDelegate.swift; sourceTree = "<group>"; };
		DC0891711CEB15A0008499B6 /* ViewController.swift */ = {isa = PBXFileReference; lastKnownFileType = sourcecode.swift; path = ViewController.swift; sourceTree = "<group>"; };
		DC0891761CEB15A0008499B6 /* Assets.xcassets */ = {isa = PBXFileReference; lastKnownFileType = folder.assetcatalog; path = Assets.xcassets; sourceTree = "<group>"; };
		DC0891791CEB15A0008499B6 /* Base */ = {isa = PBXFileReference; lastKnownFileType = file.storyboard; name = Base; path = Base.lproj/LaunchScreen.storyboard; sourceTree = "<group>"; };
		DC08917B1CEB15A0008499B6 /* Info.plist */ = {isa = PBXFileReference; lastKnownFileType = text.plist.xml; path = Info.plist; sourceTree = "<group>"; };
		DC3533E81CEBA25600A8C6EB /* Questions.swift */ = {isa = PBXFileReference; fileEncoding = 4; lastKnownFileType = sourcecode.swift; path = Questions.swift; sourceTree = "<group>"; };
		DC3533EA1CEBBA1C00A8C6EB /* BasicQuestionControllerView.swift */ = {isa = PBXFileReference; fileEncoding = 4; lastKnownFileType = sourcecode.swift; name = BasicQuestionControllerView.swift; path = ../BasicQuestionControllerView.swift; sourceTree = "<group>"; };
		DC3533EC1CEC73E800A8C6EB /* CustomCollectionViewCell.swift */ = {isa = PBXFileReference; fileEncoding = 4; lastKnownFileType = sourcecode.swift; path = CustomCollectionViewCell.swift; sourceTree = "<group>"; };
		DC3533EE1CECAE5900A8C6EB /* BasicDetailViewController.swift */ = {isa = PBXFileReference; fileEncoding = 4; lastKnownFileType = sourcecode.swift; path = BasicDetailViewController.swift; sourceTree = "<group>"; };
		DCCDBFC81CEDA6C000BFA005 /* Main.storyboard */ = {isa = PBXFileReference; fileEncoding = 4; lastKnownFileType = file.storyboard; path = Main.storyboard; sourceTree = "<group>"; };
		DCCDBFCA1CEDB96E00BFA005 /* TransitionViewController.swift */ = {isa = PBXFileReference; fileEncoding = 4; lastKnownFileType = sourcecode.swift; path = TransitionViewController.swift; sourceTree = "<group>"; };
		DCCDBFD41CEDBE8D00BFA005 /* AAPTransactionDirector.swift */ = {isa = PBXFileReference; fileEncoding = 4; lastKnownFileType = sourcecode.swift; path = AAPTransactionDirector.swift; sourceTree = "<group>"; };
		DCCDBFD51CEDBE8D00BFA005 /* UINavigationController+RadialTransaction.swift */ = {isa = PBXFileReference; fileEncoding = 4; lastKnownFileType = sourcecode.swift; path = "UINavigationController+RadialTransaction.swift"; sourceTree = "<group>"; };
		DCCDBFD61CEDBE8D00BFA005 /* UIView+Radial.swift */ = {isa = PBXFileReference; fileEncoding = 4; lastKnownFileType = sourcecode.swift; path = "UIView+Radial.swift"; sourceTree = "<group>"; };
		DCCDBFDA1CEDCEC900BFA005 /* GreenViewController.swift */ = {isa = PBXFileReference; fileEncoding = 4; lastKnownFileType = sourcecode.swift; path = GreenViewController.swift; sourceTree = "<group>"; };
		DCCDBFDC1CEDCEEC00BFA005 /* GreyViewController.swift */ = {isa = PBXFileReference; fileEncoding = 4; lastKnownFileType = sourcecode.swift; path = GreyViewController.swift; sourceTree = "<group>"; };
/* End PBXFileReference section */

/* Begin PBXFrameworksBuildPhase section */
		DC0891691CEB15A0008499B6 /* Frameworks */ = {
			isa = PBXFrameworksBuildPhase;
			buildActionMask = 2147483647;
			files = (
				4AFE9B98CF62E61CD31707E9 /* Pods_fullTimeJobsTips.framework in Frameworks */,
			);
			runOnlyForDeploymentPostprocessing = 0;
		};
/* End PBXFrameworksBuildPhase section */

/* Begin PBXGroup section */
		A5D642DEE9F9E264D4C7AE2B /* Frameworks */ = {
			isa = PBXGroup;
			children = (
				803F916D2C6CC346B3A0845D /* Pods_fullTimeJobsTips.framework */,
			);
			name = Frameworks;
			sourceTree = "<group>";
		};
		C9813DE96A90DA8F7229C6A1 /* Pods */ = {
			isa = PBXGroup;
			children = (
				795EB2E6BE7A244723FBCBDE /* Pods-fullTimeJobsTips.debug.xcconfig */,
				3740AAC25D7C89A946243454 /* Pods-fullTimeJobsTips.release.xcconfig */,
			);
			name = Pods;
			sourceTree = "<group>";
		};
		DC0891631CEB15A0008499B6 = {
			isa = PBXGroup;
			children = (
				DC08916E1CEB15A0008499B6 /* fullTimeJobsTips */,
				DC08916D1CEB15A0008499B6 /* Products */,
				C9813DE96A90DA8F7229C6A1 /* Pods */,
				A5D642DEE9F9E264D4C7AE2B /* Frameworks */,
			);
			sourceTree = "<group>";
		};
		DC08916D1CEB15A0008499B6 /* Products */ = {
			isa = PBXGroup;
			children = (
				DC08916C1CEB15A0008499B6 /* fullTimeJobsTips.app */,
			);
			name = Products;
			sourceTree = "<group>";
		};
		DC08916E1CEB15A0008499B6 /* fullTimeJobsTips */ = {
			isa = PBXGroup;
			children = (
				DCCDBFC81CEDA6C000BFA005 /* Main.storyboard */,
				DCCDBFD41CEDBE8D00BFA005 /* AAPTransactionDirector.swift */,
				DCCDBFD51CEDBE8D00BFA005 /* UINavigationController+RadialTransaction.swift */,
				DCCDBFD61CEDBE8D00BFA005 /* UIView+Radial.swift */,
				DC3533EA1CEBBA1C00A8C6EB /* BasicQuestionControllerView.swift */,
				DC3533EE1CECAE5900A8C6EB /* BasicDetailViewController.swift */,
				DCCDBFCA1CEDB96E00BFA005 /* TransitionViewController.swift */,
				DCCDBFDA1CEDCEC900BFA005 /* GreenViewController.swift */,
				DCCDBFDC1CEDCEEC00BFA005 /* GreyViewController.swift */,
				DC3533EC1CEC73E800A8C6EB /* CustomCollectionViewCell.swift */,
				DC08916F1CEB15A0008499B6 /* AppDelegate.swift */,
				DC3533E81CEBA25600A8C6EB /* Questions.swift */,
				DC0891711CEB15A0008499B6 /* ViewController.swift */,
				DC0891761CEB15A0008499B6 /* Assets.xcassets */,
				DC0891781CEB15A0008499B6 /* LaunchScreen.storyboard */,
				DC08917B1CEB15A0008499B6 /* Info.plist */,
			);
			path = fullTimeJobsTips;
			sourceTree = "<group>";
		};
/* End PBXGroup section */

/* Begin PBXNativeTarget section */
		DC08916B1CEB15A0008499B6 /* fullTimeJobsTips */ = {
			isa = PBXNativeTarget;
			buildConfigurationList = DC08917E1CEB15A0008499B6 /* Build configuration list for PBXNativeTarget "fullTimeJobsTips" */;
			buildPhases = (
				4B356CE8AB49F0B43EAD91E1 /* 📦 Check Pods Manifest.lock */,
				DC0891681CEB15A0008499B6 /* Sources */,
				DC0891691CEB15A0008499B6 /* Frameworks */,
				DC08916A1CEB15A0008499B6 /* Resources */,
				85E4A2B012E0282324858D4A /* 📦 Embed Pods Frameworks */,
				A016D3AF78D8C2F17A7E2906 /* 📦 Copy Pods Resources */,
			);
			buildRules = (
			);
			dependencies = (
			);
			name = fullTimeJobsTips;
			productName = fullTimeJobsTips;
			productReference = DC08916C1CEB15A0008499B6 /* fullTimeJobsTips.app */;
			productType = "com.apple.product-type.application";
		};
/* End PBXNativeTarget section */

/* Begin PBXProject section */
		DC0891641CEB15A0008499B6 /* Project object */ = {
			isa = PBXProject;
			attributes = {
				LastSwiftUpdateCheck = 0720;
				LastUpgradeCheck = 0720;
				ORGANIZATIONNAME = "Svetlana Margetová";
				TargetAttributes = {
					DC08916B1CEB15A0008499B6 = {
						CreatedOnToolsVersion = 7.2.1;
					};
				};
			};
			buildConfigurationList = DC0891671CEB15A0008499B6 /* Build configuration list for PBXProject "fullTimeJobsTips" */;
			compatibilityVersion = "Xcode 3.2";
			developmentRegion = English;
			hasScannedForEncodings = 0;
			knownRegions = (
				en,
				Base,
			);
			mainGroup = DC0891631CEB15A0008499B6;
			productRefGroup = DC08916D1CEB15A0008499B6 /* Products */;
			projectDirPath = "";
			projectRoot = "";
			targets = (
				DC08916B1CEB15A0008499B6 /* fullTimeJobsTips */,
			);
		};
/* End PBXProject section */

/* Begin PBXResourcesBuildPhase section */
		DC08916A1CEB15A0008499B6 /* Resources */ = {
			isa = PBXResourcesBuildPhase;
			buildActionMask = 2147483647;
			files = (
				DCCDBFC91CEDA6C000BFA005 /* Main.storyboard in Resources */,
				DC08917A1CEB15A0008499B6 /* LaunchScreen.storyboard in Resources */,
				DC0891771CEB15A0008499B6 /* Assets.xcassets in Resources */,
			);
			runOnlyForDeploymentPostprocessing = 0;
		};
/* End PBXResourcesBuildPhase section */

/* Begin PBXShellScriptBuildPhase section */
		4B356CE8AB49F0B43EAD91E1 /* 📦 Check Pods Manifest.lock */ = {
			isa = PBXShellScriptBuildPhase;
			buildActionMask = 2147483647;
			files = (
			);
			inputPaths = (
			);
			name = "📦 Check Pods Manifest.lock";
			outputPaths = (
			);
			runOnlyForDeploymentPostprocessing = 0;
			shellPath = /bin/sh;
			shellScript = "diff \"${PODS_ROOT}/../Podfile.lock\" \"${PODS_ROOT}/Manifest.lock\" > /dev/null\nif [[ $? != 0 ]] ; then\n    cat << EOM\nerror: The sandbox is not in sync with the Podfile.lock. Run 'pod install' or update your CocoaPods installation.\nEOM\n    exit 1\nfi\n";
			showEnvVarsInLog = 0;
		};
		85E4A2B012E0282324858D4A /* 📦 Embed Pods Frameworks */ = {
			isa = PBXShellScriptBuildPhase;
			buildActionMask = 2147483647;
			files = (
			);
			inputPaths = (
			);
			name = "📦 Embed Pods Frameworks";
			outputPaths = (
			);
			runOnlyForDeploymentPostprocessing = 0;
			shellPath = /bin/sh;
			shellScript = "\"${SRCROOT}/Pods/Target Support Files/Pods-fullTimeJobsTips/Pods-fullTimeJobsTips-frameworks.sh\"\n";
			showEnvVarsInLog = 0;
		};
		A016D3AF78D8C2F17A7E2906 /* 📦 Copy Pods Resources */ = {
			isa = PBXShellScriptBuildPhase;
			buildActionMask = 2147483647;
			files = (
			);
			inputPaths = (
			);
			name = "📦 Copy Pods Resources";
			outputPaths = (
			);
			runOnlyForDeploymentPostprocessing = 0;
			shellPath = /bin/sh;
			shellScript = "\"${SRCROOT}/Pods/Target Support Files/Pods-fullTimeJobsTips/Pods-fullTimeJobsTips-resources.sh\"\n";
			showEnvVarsInLog = 0;
		};
/* End PBXShellScriptBuildPhase section */

/* Begin PBXSourcesBuildPhase section */
		DC0891681CEB15A0008499B6 /* Sources */ = {
			isa = PBXSourcesBuildPhase;
			buildActionMask = 2147483647;
			files = (
				DC0891721CEB15A0008499B6 /* ViewController.swift in Sources */,
				DC3533ED1CEC73E800A8C6EB /* CustomCollectionViewCell.swift in Sources */,
				DCCDBFDB1CEDCEC900BFA005 /* GreenViewController.swift in Sources */,
				DC3533E91CEBA25600A8C6EB /* Questions.swift in Sources */,
				DCCDBFD71CEDBE8D00BFA005 /* AAPTransactionDirector.swift in Sources */,
				DCCDBFDD1CEDCEEC00BFA005 /* GreyViewController.swift in Sources */,
				DCCDBFD81CEDBE8D00BFA005 /* UINavigationController+RadialTransaction.swift in Sources */,
				DCCDBFD91CEDBE8D00BFA005 /* UIView+Radial.swift in Sources */,
				DC0891701CEB15A0008499B6 /* AppDelegate.swift in Sources */,
				DC3533EF1CECAE5900A8C6EB /* BasicDetailViewController.swift in Sources */,
				DCCDBFCB1CEDB96E00BFA005 /* TransitionViewController.swift in Sources */,
				DC3533EB1CEBBA1C00A8C6EB /* BasicQuestionControllerView.swift in Sources */,
			);
			runOnlyForDeploymentPostprocessing = 0;
		};
/* End PBXSourcesBuildPhase section */

/* Begin PBXVariantGroup section */
		DC0891781CEB15A0008499B6 /* LaunchScreen.storyboard */ = {
			isa = PBXVariantGroup;
			children = (
				DC0891791CEB15A0008499B6 /* Base */,
			);
			name = LaunchScreen.storyboard;
			sourceTree = "<group>";
		};
/* End PBXVariantGroup section */

/* Begin XCBuildConfiguration section */
		DC08917C1CEB15A0008499B6 /* Debug */ = {
			isa = XCBuildConfiguration;
			buildSettings = {
				ALWAYS_SEARCH_USER_PATHS = NO;
				CLANG_CXX_LANGUAGE_STANDARD = "gnu++0x";
				CLANG_CXX_LIBRARY = "libc++";
				CLANG_ENABLE_MODULES = YES;
				CLANG_ENABLE_OBJC_ARC = YES;
				CLANG_WARN_BOOL_CONVERSION = YES;
				CLANG_WARN_CONSTANT_CONVERSION = YES;
				CLANG_WARN_DIRECT_OBJC_ISA_USAGE = YES_ERROR;
				CLANG_WARN_EMPTY_BODY = YES;
				CLANG_WARN_ENUM_CONVERSION = YES;
				CLANG_WARN_INT_CONVERSION = YES;
				CLANG_WARN_OBJC_ROOT_CLASS = YES_ERROR;
				CLANG_WARN_UNREACHABLE_CODE = YES;
				CLANG_WARN__DUPLICATE_METHOD_MATCH = YES;
				"CODE_SIGN_IDENTITY[sdk=iphoneos*]" = "iPhone Developer";
				COPY_PHASE_STRIP = NO;
				DEBUG_INFORMATION_FORMAT = dwarf;
				ENABLE_STRICT_OBJC_MSGSEND = YES;
				ENABLE_TESTABILITY = YES;
				GCC_C_LANGUAGE_STANDARD = gnu99;
				GCC_DYNAMIC_NO_PIC = NO;
				GCC_NO_COMMON_BLOCKS = YES;
				GCC_OPTIMIZATION_LEVEL = 0;
				GCC_PREPROCESSOR_DEFINITIONS = (
					"DEBUG=1",
					"$(inherited)",
				);
				GCC_WARN_64_TO_32_BIT_CONVERSION = YES;
				GCC_WARN_ABOUT_RETURN_TYPE = YES_ERROR;
				GCC_WARN_UNDECLARED_SELECTOR = YES;
				GCC_WARN_UNINITIALIZED_AUTOS = YES_AGGRESSIVE;
				GCC_WARN_UNUSED_FUNCTION = YES;
				GCC_WARN_UNUSED_VARIABLE = YES;
				IPHONEOS_DEPLOYMENT_TARGET = 9.2;
				MTL_ENABLE_DEBUG_INFO = YES;
				ONLY_ACTIVE_ARCH = YES;
				SDKROOT = iphoneos;
				SWIFT_OPTIMIZATION_LEVEL = "-Onone";
			};
			name = Debug;
		};
		DC08917D1CEB15A0008499B6 /* Release */ = {
			isa = XCBuildConfiguration;
			buildSettings = {
				ALWAYS_SEARCH_USER_PATHS = NO;
				CLANG_CXX_LANGUAGE_STANDARD = "gnu++0x";
				CLANG_CXX_LIBRARY = "libc++";
				CLANG_ENABLE_MODULES = YES;
				CLANG_ENABLE_OBJC_ARC = YES;
				CLANG_WARN_BOOL_CONVERSION = YES;
				CLANG_WARN_CONSTANT_CONVERSION = YES;
				CLANG_WARN_DIRECT_OBJC_ISA_USAGE = YES_ERROR;
				CLANG_WARN_EMPTY_BODY = YES;
				CLANG_WARN_ENUM_CONVERSION = YES;
				CLANG_WARN_INT_CONVERSION = YES;
				CLANG_WARN_OBJC_ROOT_CLASS = YES_ERROR;
				CLANG_WARN_UNREACHABLE_CODE = YES;
				CLANG_WARN__DUPLICATE_METHOD_MATCH = YES;
				"CODE_SIGN_IDENTITY[sdk=iphoneos*]" = "iPhone Developer";
				COPY_PHASE_STRIP = NO;
				DEBUG_INFORMATION_FORMAT = "dwarf-with-dsym";
				ENABLE_NS_ASSERTIONS = NO;
				ENABLE_STRICT_OBJC_MSGSEND = YES;
				GCC_C_LANGUAGE_STANDARD = gnu99;
				GCC_NO_COMMON_BLOCKS = YES;
				GCC_WARN_64_TO_32_BIT_CONVERSION = YES;
				GCC_WARN_ABOUT_RETURN_TYPE = YES_ERROR;
				GCC_WARN_UNDECLARED_SELECTOR = YES;
				GCC_WARN_UNINITIALIZED_AUTOS = YES_AGGRESSIVE;
				GCC_WARN_UNUSED_FUNCTION = YES;
				GCC_WARN_UNUSED_VARIABLE = YES;
				IPHONEOS_DEPLOYMENT_TARGET = 9.2;
				MTL_ENABLE_DEBUG_INFO = NO;
				SDKROOT = iphoneos;
				VALIDATE_PRODUCT = YES;
			};
			name = Release;
		};
		DC08917F1CEB15A0008499B6 /* Debug */ = {
			isa = XCBuildConfiguration;
			baseConfigurationReference = 795EB2E6BE7A244723FBCBDE /* Pods-fullTimeJobsTips.debug.xcconfig */;
			buildSettings = {
				ASSETCATALOG_COMPILER_APPICON_NAME = AppIcon;
				INFOPLIST_FILE = fullTimeJobsTips/Info.plist;
				LD_RUNPATH_SEARCH_PATHS = "$(inherited) @executable_path/Frameworks";
				PRODUCT_BUNDLE_IDENTIFIER = com.brainity.fullTimeJobsTips;
				PRODUCT_NAME = "$(TARGET_NAME)";
			};
			name = Debug;
		};
		DC0891801CEB15A0008499B6 /* Release */ = {
			isa = XCBuildConfiguration;
			baseConfigurationReference = 3740AAC25D7C89A946243454 /* Pods-fullTimeJobsTips.release.xcconfig */;
			buildSettings = {
				ASSETCATALOG_COMPILER_APPICON_NAME = AppIcon;
				INFOPLIST_FILE = fullTimeJobsTips/Info.plist;
				LD_RUNPATH_SEARCH_PATHS = "$(inherited) @executable_path/Frameworks";
				PRODUCT_BUNDLE_IDENTIFIER = com.brainity.fullTimeJobsTips;
				PRODUCT_NAME = "$(TARGET_NAME)";
			};
			name = Release;
		};
/* End XCBuildConfiguration section */

/* Begin XCConfigurationList section */
		DC0891671CEB15A0008499B6 /* Build configuration list for PBXProject "fullTimeJobsTips" */ = {
			isa = XCConfigurationList;
			buildConfigurations = (
				DC08917C1CEB15A0008499B6 /* Debug */,
				DC08917D1CEB15A0008499B6 /* Release */,
			);
			defaultConfigurationIsVisible = 0;
			defaultConfigurationName = Release;
		};
		DC08917E1CEB15A0008499B6 /* Build configuration list for PBXNativeTarget "fullTimeJobsTips" */ = {
			isa = XCConfigurationList;
			buildConfigurations = (
				DC08917F1CEB15A0008499B6 /* Debug */,
				DC0891801CEB15A0008499B6 /* Release */,
			);
			defaultConfigurationIsVisible = 0;
			defaultConfigurationName = Release;
		};
/* End XCConfigurationList section */
	};
	rootObject = DC0891641CEB15A0008499B6 /* Project object */;
}
