PODS:
  - Alamofire (3.4.0)
  - KeychainAccess (2.3.5)
  - SDWebImage (3.7.6):
    - SDWebImage/Core (= 3.7.6)
  - SDWebImage/Core (3.7.6)
  - SnapKit (0.21.0)
  - SVProgressHUD (2.0.3)
  - SwiftyJSON (2.3.2)

DEPENDENCIES:
  - Alamofire
  - KeychainAccess
  - SDWebImage
  - SnapKit
  - SVProgressHUD
  - SwiftyJSON

SPEC CHECKSUMS:
  Alamofire: c19a627cefd6a95f840401c49ab1f124e07f54ee
  KeychainAccess: e283c1981a6c5655e1984cd411c6faf16fa165ae
  SDWebImage: c325cf02c30337336b95beff20a13df489ec0ec9
  SnapKit: 2756fe24b706367af224c9c508d2f9166d03354c
  SVProgressHUD: b0830714205bea1317ea1a2ebc71e5633af334d4
  SwiftyJSON: 04ccea08915aa0109039157c7974cf0298da292a

PODFILE CHECKSUM: bb9528c309549b2dcb219eecacdacb4e3e1bd6ab

COCOAPODS: 1.0.0
